
Microsoft Visual Studio Solution File, Format Version 12.00
# Visual Studio 15
VisualStudioVersion = 15.0.27428.2005
MinimumVisualStudioVersion = 10.0.40219.1
Project("{FAE04EC0-301F-11D3-BF4B-00C04F79EFBC}") = "movieRental", "movieRental\movieRental.csproj", "{CA102A35-271A-4D0A-96EB-0B85DAE8CEA3}"
EndProject
Global
	GlobalSection(SolutionConfigurationPlatforms) = preSolution
		Debug|Any CPU = Debug|Any CPU
		Release|Any CPU = Release|Any CPU
	EndGlobalSection
	GlobalSection(ProjectConfigurationPlatforms) = postSolution
		{CA102A35-271A-4D0A-96EB-0B85DAE8CEA3}.Debug|Any CPU.ActiveCfg = Debug|Any CPU
		{CA102A35-271A-4D0A-96EB-0B85DAE8CEA3}.Debug|Any CPU.Build.0 = Debug|Any CPU
		{CA102A35-271A-4D0A-96EB-0B85DAE8CEA3}.Release|Any CPU.ActiveCfg = Release|Any CPU
		{CA102A35-271A-4D0A-96EB-0B85DAE8CEA3}.Release|Any CPU.Build.0 = Release|Any CPU
	EndGlobalSection
	GlobalSection(SolutionProperties) = preSolution
		HideSolutionNode = FALSE
	EndGlobalSection
	GlobalSection(ExtensibilityGlobals) = postSolution
		SolutionGuid = {D647CB63-C81C-4F32-838F-5152BD72B130}
	EndGlobalSection
EndGlobal
